
Microsoft Visual Studio Solution File, Format Version 12.00
# Visual Studio Version 17
VisualStudioVersion = 17.9.34622.214
MinimumVisualStudioVersion = 10.0.40219.1
Project("{FAE04EC0-301F-11D3-BF4B-00C04F79EFBC}") = "DBMS_HW1", "DBMS_HW1.csproj", "{D6BA3D87-3CE8-4020-9DE7-B7AA9F1E6665}"
EndProject
Global
	GlobalSection(SolutionConfigurationPlatforms) = preSolution
		Debug|Any CPU = Debug|Any CPU
		Release|Any CPU = Release|Any CPU
	EndGlobalSection
	GlobalSection(ProjectConfigurationPlatforms) = postSolution
		{D6BA3D87-3CE8-4020-9DE7-B7AA9F1E6665}.Debug|Any CPU.ActiveCfg = Debug|Any CPU
		{D6BA3D87-3CE8-4020-9DE7-B7AA9F1E6665}.Debug|Any CPU.Build.0 = Debug|Any CPU
		{D6BA3D87-3CE8-4020-9DE7-B7AA9F1E6665}.Release|Any CPU.ActiveCfg = Release|Any CPU
		{D6BA3D87-3CE8-4020-9DE7-B7AA9F1E6665}.Release|Any CPU.Build.0 = Release|Any CPU
	EndGlobalSection
	GlobalSection(SolutionProperties) = preSolution
		HideSolutionNode = FALSE
	EndGlobalSection
	GlobalSection(ExtensibilityGlobals) = postSolution
		SolutionGuid = {036D258B-7759-4747-9E08-2EC75870B47A}
	EndGlobalSection
EndGlobal
